
Microsoft Visual Studio Solution File, Format Version 12.00
# Visual Studio 15
VisualStudioVersion = 15.0.27703.2026
MinimumVisualStudioVersion = 10.0.40219.1
Project("{2150E333-8FDC-42A3-9474-1A3956D46DE8}") = "Reminder.WebAPI", "Reminder.WebAPI", "{1797CBBD-EC54-4B92-9B68-7A520E3739A6}"
EndProject
Project("{2150E333-8FDC-42A3-9474-1A3956D46DE8}") = "Reminder.Data", "Reminder.Data", "{F54FC9A0-7025-409A-AE0A-50C65EA1C05C}"
EndProject
Project("{2150E333-8FDC-42A3-9474-1A3956D46DE8}") = "Reminder.Angular", "Reminder.Angular", "{998EDD3E-3909-43AD-99C5-AFA4140B6EA9}"
EndProject
Global
	GlobalSection(SolutionProperties) = preSolution
		HideSolutionNode = FALSE
	EndGlobalSection
	GlobalSection(ExtensibilityGlobals) = postSolution
		SolutionGuid = {4272695B-7AFD-4A5B-9C18-3F3B36CC55B2}
	EndGlobalSection
EndGlobal
