
Microsoft Visual Studio Solution File, Format Version 12.00
# Visual Studio 15
VisualStudioVersion = 15.0.27703.2018
MinimumVisualStudioVersion = 10.0.40219.1
Project("{FAE04EC0-301F-11D3-BF4B-00C04F79EFBC}") = "Reminder.WebApi", "Reminder.WebApi\Reminder.WebApi.csproj", "{B82F4659-DC79-4B8A-A939-7265E6ECF5BC}"
EndProject
Project("{FAE04EC0-301F-11D3-BF4B-00C04F79EFBC}") = "Reminder.WebApi.Tests", "Reminder.WebApi.Tests\Reminder.WebApi.Tests.csproj", "{83D54407-FCB3-496D-99FD-9E9CF2BC8F89}"
EndProject
Project("{FAE04EC0-301F-11D3-BF4B-00C04F79EFBC}") = "Reminder.Data", "Reminder.Data\Reminder.Data.csproj", "{56E7074C-7805-474D-9668-788971D33502}"
EndProject
Project("{FAE04EC0-301F-11D3-BF4B-00C04F79EFBC}") = "Reminder.Migrations", "Reminder.Migrations\Reminder.Migrations.csproj", "{3FEBEF83-AB17-4A31-AE7D-6520A9A9F9FD}"
EndProject
Project("{2150E333-8FDC-42A3-9474-1A3956D46DE8}") = "data", "data", "{AD320FE5-820D-4111-9B30-529A62388DFB}"
EndProject
Project("{2150E333-8FDC-42A3-9474-1A3956D46DE8}") = "database", "database", "{9C344698-4EED-4C4B-A72D-2651B86FF353}"
EndProject
Project("{2150E333-8FDC-42A3-9474-1A3956D46DE8}") = "services", "services", "{2E05A5FA-325F-4BA0-9FDB-0AFE5C652D09}"
EndProject
Project("{2150E333-8FDC-42A3-9474-1A3956D46DE8}") = "src", "src", "{EE985526-4CA8-4343-ADC6-AA5830A43D17}"
EndProject
Project("{2150E333-8FDC-42A3-9474-1A3956D46DE8}") = "tests", "tests", "{89FE788B-0920-4890-9099-494EBFEAC8C1}"
EndProject
Project("{2150E333-8FDC-42A3-9474-1A3956D46DE8}") = "src", "src", "{1A12B65C-24EA-4522-ABE3-DB4A65382E5E}"
EndProject
Project("{2150E333-8FDC-42A3-9474-1A3956D46DE8}") = "src", "src", "{566ED86C-1721-4EFC-A047-4EF87561FDE9}"
EndProject
Project("{2150E333-8FDC-42A3-9474-1A3956D46DE8}") = "tests", "tests", "{374D6F31-023C-481D-9050-1DDAA19F4156}"
EndProject
Project("{2150E333-8FDC-42A3-9474-1A3956D46DE8}") = "clients", "clients", "{3CD93BFA-EB03-4A2A-807E-1C2A2CF3BC37}"
EndProject
Global
	GlobalSection(SolutionConfigurationPlatforms) = preSolution
		Debug|Any CPU = Debug|Any CPU
		Release|Any CPU = Release|Any CPU
	EndGlobalSection
	GlobalSection(ProjectConfigurationPlatforms) = postSolution
		{B82F4659-DC79-4B8A-A939-7265E6ECF5BC}.Debug|Any CPU.ActiveCfg = Debug|Any CPU
		{B82F4659-DC79-4B8A-A939-7265E6ECF5BC}.Debug|Any CPU.Build.0 = Debug|Any CPU
		{B82F4659-DC79-4B8A-A939-7265E6ECF5BC}.Release|Any CPU.ActiveCfg = Release|Any CPU
		{B82F4659-DC79-4B8A-A939-7265E6ECF5BC}.Release|Any CPU.Build.0 = Release|Any CPU
		{83D54407-FCB3-496D-99FD-9E9CF2BC8F89}.Debug|Any CPU.ActiveCfg = Debug|Any CPU
		{83D54407-FCB3-496D-99FD-9E9CF2BC8F89}.Debug|Any CPU.Build.0 = Debug|Any CPU
		{83D54407-FCB3-496D-99FD-9E9CF2BC8F89}.Release|Any CPU.ActiveCfg = Release|Any CPU
		{83D54407-FCB3-496D-99FD-9E9CF2BC8F89}.Release|Any CPU.Build.0 = Release|Any CPU
		{56E7074C-7805-474D-9668-788971D33502}.Debug|Any CPU.ActiveCfg = Debug|Any CPU
		{56E7074C-7805-474D-9668-788971D33502}.Debug|Any CPU.Build.0 = Debug|Any CPU
		{56E7074C-7805-474D-9668-788971D33502}.Release|Any CPU.ActiveCfg = Release|Any CPU
		{56E7074C-7805-474D-9668-788971D33502}.Release|Any CPU.Build.0 = Release|Any CPU
		{3FEBEF83-AB17-4A31-AE7D-6520A9A9F9FD}.Debug|Any CPU.ActiveCfg = Debug|Any CPU
		{3FEBEF83-AB17-4A31-AE7D-6520A9A9F9FD}.Debug|Any CPU.Build.0 = Debug|Any CPU
		{3FEBEF83-AB17-4A31-AE7D-6520A9A9F9FD}.Release|Any CPU.ActiveCfg = Release|Any CPU
		{3FEBEF83-AB17-4A31-AE7D-6520A9A9F9FD}.Release|Any CPU.Build.0 = Release|Any CPU
	EndGlobalSection
	GlobalSection(SolutionProperties) = preSolution
		HideSolutionNode = FALSE
	EndGlobalSection
	GlobalSection(NestedProjects) = preSolution
		{B82F4659-DC79-4B8A-A939-7265E6ECF5BC} = {EE985526-4CA8-4343-ADC6-AA5830A43D17}
		{83D54407-FCB3-496D-99FD-9E9CF2BC8F89} = {89FE788B-0920-4890-9099-494EBFEAC8C1}
		{56E7074C-7805-474D-9668-788971D33502} = {566ED86C-1721-4EFC-A047-4EF87561FDE9}
		{3FEBEF83-AB17-4A31-AE7D-6520A9A9F9FD} = {1A12B65C-24EA-4522-ABE3-DB4A65382E5E}
		{EE985526-4CA8-4343-ADC6-AA5830A43D17} = {2E05A5FA-325F-4BA0-9FDB-0AFE5C652D09}
		{89FE788B-0920-4890-9099-494EBFEAC8C1} = {2E05A5FA-325F-4BA0-9FDB-0AFE5C652D09}
		{1A12B65C-24EA-4522-ABE3-DB4A65382E5E} = {9C344698-4EED-4C4B-A72D-2651B86FF353}
		{566ED86C-1721-4EFC-A047-4EF87561FDE9} = {AD320FE5-820D-4111-9B30-529A62388DFB}
		{374D6F31-023C-481D-9050-1DDAA19F4156} = {AD320FE5-820D-4111-9B30-529A62388DFB}
	EndGlobalSection
	GlobalSection(ExtensibilityGlobals) = postSolution
		SolutionGuid = {D48E2FF7-30C6-41A5-9B0F-9E13681C43DB}
	EndGlobalSection
EndGlobal
