
Microsoft Visual Studio Solution File, Format Version 12.00
# Visual Studio 15
VisualStudioVersion = 15.0.27703.2018
MinimumVisualStudioVersion = 10.0.40219.1
Project("{2150E333-8FDC-42A3-9474-1A3956D46DE8}") = "data", "data", "{AD320FE5-820D-4111-9B30-529A62388DFB}"
EndProject
Project("{2150E333-8FDC-42A3-9474-1A3956D46DE8}") = "database", "database", "{9C344698-4EED-4C4B-A72D-2651B86FF353}"
EndProject
Project("{2150E333-8FDC-42A3-9474-1A3956D46DE8}") = "services", "services", "{2E05A5FA-325F-4BA0-9FDB-0AFE5C652D09}"
EndProject
Project("{2150E333-8FDC-42A3-9474-1A3956D46DE8}") = "src", "src", "{EE985526-4CA8-4343-ADC6-AA5830A43D17}"
EndProject
Project("{2150E333-8FDC-42A3-9474-1A3956D46DE8}") = "test", "test", "{89FE788B-0920-4890-9099-494EBFEAC8C1}"
EndProject
Project("{2150E333-8FDC-42A3-9474-1A3956D46DE8}") = "src", "src", "{566ED86C-1721-4EFC-A047-4EF87561FDE9}"
EndProject
Project("{2150E333-8FDC-42A3-9474-1A3956D46DE8}") = "test", "test", "{374D6F31-023C-481D-9050-1DDAA19F4156}"
EndProject
Project("{2150E333-8FDC-42A3-9474-1A3956D46DE8}") = "clients", "clients", "{3CD93BFA-EB03-4A2A-807E-1C2A2CF3BC37}"
EndProject
Project("{2150E333-8FDC-42A3-9474-1A3956D46DE8}") = "mobile", "mobile", "{C521C5DF-A4E1-4517-B9B1-015986EE6A5A}"
EndProject
Project("{9A19103F-16F7-4668-BE54-9A1E7A4F7556}") = "ReminderXamarin", "ReminderXamarin\ReminderXamarin.csproj", "{157961AA-E3AC-429B-AF9B-90CBE8C1E150}"
EndProject
Project("{FAE04EC0-301F-11D3-BF4B-00C04F79EFBC}") = "ReminderXamarin.Android", "ReminderXamarin.Android\ReminderXamarin.Android.csproj", "{62771300-0963-493A-BF6C-6EE007AB1A28}"
EndProject
Project("{FAE04EC0-301F-11D3-BF4B-00C04F79EFBC}") = "ReminderXamarin.iOS", "ReminderXamarin.iOS\ReminderXamarin.iOS.csproj", "{EC835E94-EB94-4B72-9FC8-0E8573417BFE}"
EndProject
Project("{2150E333-8FDC-42A3-9474-1A3956D46DE8}") = "src", "src", "{A4D06706-2244-424C-BEB4-8189502052D1}"
EndProject
Project("{2150E333-8FDC-42A3-9474-1A3956D46DE8}") = "test", "test", "{66E890BA-83F9-438F-BEF9-0025B0A07B8E}"
EndProject
Project("{9A19103F-16F7-4668-BE54-9A1E7A4F7556}") = "Reminder.Data", "Reminder.Data\Reminder.Data.csproj", "{5B8D5054-8751-4EC9-9B88-23AE60534294}"
EndProject
Project("{9A19103F-16F7-4668-BE54-9A1E7A4F7556}") = "Reminder.Data.Core", "Reminder.Data.Core\Reminder.Data.Core.csproj", "{C8C3D20A-F4F6-47FB-8E56-ADA8107731B9}"
EndProject
Project("{9A19103F-16F7-4668-BE54-9A1E7A4F7556}") = "Reminder.Migrations", "Reminder.Migrations\Reminder.Migrations.csproj", "{8C8A28DE-1C9A-436C-8986-4DA8189DB6A8}"
EndProject
Project("{9A19103F-16F7-4668-BE54-9A1E7A4F7556}") = "Reminder.Helpers", "Reminder.Helpers\Reminder.Helpers.csproj", "{956A7D17-03CD-47D0-9A65-FB26C5992F78}"
EndProject
Project("{2150E333-8FDC-42A3-9474-1A3956D46DE8}") = "web", "web", "{09048F88-E09D-4E00-BBBD-8F236B122911}"
EndProject
Project("{FAE04EC0-301F-11D3-BF4B-00C04F79EFBC}") = "Reminder.Web", "Reminder.Web\Reminder.Web.csproj", "{4364EBD1-95F8-4BDA-8F0C-98A626692225}"
EndProject
Project("{9A19103F-16F7-4668-BE54-9A1E7A4F7556}") = "IdentityServer4.AspNetIdentity", "IdentityServer4.AspNetIdentity\IdentityServer4.AspNetIdentity.csproj", "{27427B8B-E594-44A8-BF82-20134CA81DF8}"
EndProject
Project("{9A19103F-16F7-4668-BE54-9A1E7A4F7556}") = "IdentityServer", "IdentityServer\IdentityServer.csproj", "{7FBEA87B-E56F-4EC6-B2B9-63307EFFCB3B}"
EndProject
Project("{2150E333-8FDC-42A3-9474-1A3956D46DE8}") = "identity", "identity", "{A70192C5-6B6E-4497-B204-E85728A5205F}"
EndProject
Global
	GlobalSection(SolutionConfigurationPlatforms) = preSolution
		Ad-Hoc|Any CPU = Ad-Hoc|Any CPU
		Ad-Hoc|iPhone = Ad-Hoc|iPhone
		Ad-Hoc|iPhoneSimulator = Ad-Hoc|iPhoneSimulator
		AppStore|Any CPU = AppStore|Any CPU
		AppStore|iPhone = AppStore|iPhone
		AppStore|iPhoneSimulator = AppStore|iPhoneSimulator
		Debug|Any CPU = Debug|Any CPU
		Debug|iPhone = Debug|iPhone
		Debug|iPhoneSimulator = Debug|iPhoneSimulator
		Release|Any CPU = Release|Any CPU
		Release|iPhone = Release|iPhone
		Release|iPhoneSimulator = Release|iPhoneSimulator
	EndGlobalSection
	GlobalSection(ProjectConfigurationPlatforms) = postSolution
		{157961AA-E3AC-429B-AF9B-90CBE8C1E150}.Ad-Hoc|Any CPU.ActiveCfg = Debug|Any CPU
		{157961AA-E3AC-429B-AF9B-90CBE8C1E150}.Ad-Hoc|Any CPU.Build.0 = Debug|Any CPU
		{157961AA-E3AC-429B-AF9B-90CBE8C1E150}.Ad-Hoc|iPhone.ActiveCfg = Debug|Any CPU
		{157961AA-E3AC-429B-AF9B-90CBE8C1E150}.Ad-Hoc|iPhone.Build.0 = Debug|Any CPU
		{157961AA-E3AC-429B-AF9B-90CBE8C1E150}.Ad-Hoc|iPhoneSimulator.ActiveCfg = Debug|Any CPU
		{157961AA-E3AC-429B-AF9B-90CBE8C1E150}.Ad-Hoc|iPhoneSimulator.Build.0 = Debug|Any CPU
		{157961AA-E3AC-429B-AF9B-90CBE8C1E150}.AppStore|Any CPU.ActiveCfg = Debug|Any CPU
		{157961AA-E3AC-429B-AF9B-90CBE8C1E150}.AppStore|Any CPU.Build.0 = Debug|Any CPU
		{157961AA-E3AC-429B-AF9B-90CBE8C1E150}.AppStore|iPhone.ActiveCfg = Debug|Any CPU
		{157961AA-E3AC-429B-AF9B-90CBE8C1E150}.AppStore|iPhone.Build.0 = Debug|Any CPU
		{157961AA-E3AC-429B-AF9B-90CBE8C1E150}.AppStore|iPhoneSimulator.ActiveCfg = Debug|Any CPU
		{157961AA-E3AC-429B-AF9B-90CBE8C1E150}.AppStore|iPhoneSimulator.Build.0 = Debug|Any CPU
		{157961AA-E3AC-429B-AF9B-90CBE8C1E150}.Debug|Any CPU.ActiveCfg = Debug|Any CPU
		{157961AA-E3AC-429B-AF9B-90CBE8C1E150}.Debug|Any CPU.Build.0 = Debug|Any CPU
		{157961AA-E3AC-429B-AF9B-90CBE8C1E150}.Debug|iPhone.ActiveCfg = Debug|Any CPU
		{157961AA-E3AC-429B-AF9B-90CBE8C1E150}.Debug|iPhone.Build.0 = Debug|Any CPU
		{157961AA-E3AC-429B-AF9B-90CBE8C1E150}.Debug|iPhoneSimulator.ActiveCfg = Debug|Any CPU
		{157961AA-E3AC-429B-AF9B-90CBE8C1E150}.Debug|iPhoneSimulator.Build.0 = Debug|Any CPU
		{157961AA-E3AC-429B-AF9B-90CBE8C1E150}.Release|Any CPU.ActiveCfg = Release|Any CPU
		{157961AA-E3AC-429B-AF9B-90CBE8C1E150}.Release|Any CPU.Build.0 = Release|Any CPU
		{157961AA-E3AC-429B-AF9B-90CBE8C1E150}.Release|iPhone.ActiveCfg = Release|Any CPU
		{157961AA-E3AC-429B-AF9B-90CBE8C1E150}.Release|iPhone.Build.0 = Release|Any CPU
		{157961AA-E3AC-429B-AF9B-90CBE8C1E150}.Release|iPhoneSimulator.ActiveCfg = Release|Any CPU
		{157961AA-E3AC-429B-AF9B-90CBE8C1E150}.Release|iPhoneSimulator.Build.0 = Release|Any CPU
		{62771300-0963-493A-BF6C-6EE007AB1A28}.Ad-Hoc|Any CPU.ActiveCfg = Release|Any CPU
		{62771300-0963-493A-BF6C-6EE007AB1A28}.Ad-Hoc|Any CPU.Build.0 = Release|Any CPU
		{62771300-0963-493A-BF6C-6EE007AB1A28}.Ad-Hoc|Any CPU.Deploy.0 = Release|Any CPU
		{62771300-0963-493A-BF6C-6EE007AB1A28}.Ad-Hoc|iPhone.ActiveCfg = Release|Any CPU
		{62771300-0963-493A-BF6C-6EE007AB1A28}.Ad-Hoc|iPhone.Build.0 = Release|Any CPU
		{62771300-0963-493A-BF6C-6EE007AB1A28}.Ad-Hoc|iPhone.Deploy.0 = Release|Any CPU
		{62771300-0963-493A-BF6C-6EE007AB1A28}.Ad-Hoc|iPhoneSimulator.ActiveCfg = Release|Any CPU
		{62771300-0963-493A-BF6C-6EE007AB1A28}.Ad-Hoc|iPhoneSimulator.Build.0 = Release|Any CPU
		{62771300-0963-493A-BF6C-6EE007AB1A28}.Ad-Hoc|iPhoneSimulator.Deploy.0 = Release|Any CPU
		{62771300-0963-493A-BF6C-6EE007AB1A28}.AppStore|Any CPU.ActiveCfg = Release|Any CPU
		{62771300-0963-493A-BF6C-6EE007AB1A28}.AppStore|Any CPU.Build.0 = Release|Any CPU
		{62771300-0963-493A-BF6C-6EE007AB1A28}.AppStore|Any CPU.Deploy.0 = Release|Any CPU
		{62771300-0963-493A-BF6C-6EE007AB1A28}.AppStore|iPhone.ActiveCfg = Release|Any CPU
		{62771300-0963-493A-BF6C-6EE007AB1A28}.AppStore|iPhone.Build.0 = Release|Any CPU
		{62771300-0963-493A-BF6C-6EE007AB1A28}.AppStore|iPhone.Deploy.0 = Release|Any CPU
		{62771300-0963-493A-BF6C-6EE007AB1A28}.AppStore|iPhoneSimulator.ActiveCfg = Release|Any CPU
		{62771300-0963-493A-BF6C-6EE007AB1A28}.AppStore|iPhoneSimulator.Build.0 = Release|Any CPU
		{62771300-0963-493A-BF6C-6EE007AB1A28}.AppStore|iPhoneSimulator.Deploy.0 = Release|Any CPU
		{62771300-0963-493A-BF6C-6EE007AB1A28}.Debug|Any CPU.ActiveCfg = Debug|Any CPU
		{62771300-0963-493A-BF6C-6EE007AB1A28}.Debug|Any CPU.Build.0 = Debug|Any CPU
		{62771300-0963-493A-BF6C-6EE007AB1A28}.Debug|Any CPU.Deploy.0 = Debug|Any CPU
		{62771300-0963-493A-BF6C-6EE007AB1A28}.Debug|iPhone.ActiveCfg = Debug|Any CPU
		{62771300-0963-493A-BF6C-6EE007AB1A28}.Debug|iPhone.Build.0 = Debug|Any CPU
		{62771300-0963-493A-BF6C-6EE007AB1A28}.Debug|iPhone.Deploy.0 = Debug|Any CPU
		{62771300-0963-493A-BF6C-6EE007AB1A28}.Debug|iPhoneSimulator.ActiveCfg = Debug|Any CPU
		{62771300-0963-493A-BF6C-6EE007AB1A28}.Debug|iPhoneSimulator.Build.0 = Debug|Any CPU
		{62771300-0963-493A-BF6C-6EE007AB1A28}.Debug|iPhoneSimulator.Deploy.0 = Debug|Any CPU
		{62771300-0963-493A-BF6C-6EE007AB1A28}.Release|Any CPU.ActiveCfg = Release|Any CPU
		{62771300-0963-493A-BF6C-6EE007AB1A28}.Release|Any CPU.Build.0 = Release|Any CPU
		{62771300-0963-493A-BF6C-6EE007AB1A28}.Release|Any CPU.Deploy.0 = Release|Any CPU
		{62771300-0963-493A-BF6C-6EE007AB1A28}.Release|iPhone.ActiveCfg = Release|Any CPU
		{62771300-0963-493A-BF6C-6EE007AB1A28}.Release|iPhone.Build.0 = Release|Any CPU
		{62771300-0963-493A-BF6C-6EE007AB1A28}.Release|iPhone.Deploy.0 = Release|Any CPU
		{62771300-0963-493A-BF6C-6EE007AB1A28}.Release|iPhoneSimulator.ActiveCfg = Release|Any CPU
		{62771300-0963-493A-BF6C-6EE007AB1A28}.Release|iPhoneSimulator.Build.0 = Release|Any CPU
		{62771300-0963-493A-BF6C-6EE007AB1A28}.Release|iPhoneSimulator.Deploy.0 = Release|Any CPU
		{EC835E94-EB94-4B72-9FC8-0E8573417BFE}.Ad-Hoc|Any CPU.ActiveCfg = Ad-Hoc|iPhone
		{EC835E94-EB94-4B72-9FC8-0E8573417BFE}.Ad-Hoc|iPhone.ActiveCfg = Ad-Hoc|iPhone
		{EC835E94-EB94-4B72-9FC8-0E8573417BFE}.Ad-Hoc|iPhone.Build.0 = Ad-Hoc|iPhone
		{EC835E94-EB94-4B72-9FC8-0E8573417BFE}.Ad-Hoc|iPhoneSimulator.ActiveCfg = Ad-Hoc|iPhoneSimulator
		{EC835E94-EB94-4B72-9FC8-0E8573417BFE}.Ad-Hoc|iPhoneSimulator.Build.0 = Ad-Hoc|iPhoneSimulator
		{EC835E94-EB94-4B72-9FC8-0E8573417BFE}.AppStore|Any CPU.ActiveCfg = AppStore|iPhone
		{EC835E94-EB94-4B72-9FC8-0E8573417BFE}.AppStore|iPhone.ActiveCfg = AppStore|iPhone
		{EC835E94-EB94-4B72-9FC8-0E8573417BFE}.AppStore|iPhone.Build.0 = AppStore|iPhone
		{EC835E94-EB94-4B72-9FC8-0E8573417BFE}.AppStore|iPhoneSimulator.ActiveCfg = AppStore|iPhoneSimulator
		{EC835E94-EB94-4B72-9FC8-0E8573417BFE}.AppStore|iPhoneSimulator.Build.0 = AppStore|iPhoneSimulator
		{EC835E94-EB94-4B72-9FC8-0E8573417BFE}.Debug|Any CPU.ActiveCfg = Debug|iPhone
		{EC835E94-EB94-4B72-9FC8-0E8573417BFE}.Debug|iPhone.ActiveCfg = Debug|iPhone
		{EC835E94-EB94-4B72-9FC8-0E8573417BFE}.Debug|iPhone.Build.0 = Debug|iPhone
		{EC835E94-EB94-4B72-9FC8-0E8573417BFE}.Debug|iPhoneSimulator.ActiveCfg = Debug|iPhoneSimulator
		{EC835E94-EB94-4B72-9FC8-0E8573417BFE}.Debug|iPhoneSimulator.Build.0 = Debug|iPhoneSimulator
		{EC835E94-EB94-4B72-9FC8-0E8573417BFE}.Release|Any CPU.ActiveCfg = Release|iPhone
		{EC835E94-EB94-4B72-9FC8-0E8573417BFE}.Release|iPhone.ActiveCfg = Release|iPhone
		{EC835E94-EB94-4B72-9FC8-0E8573417BFE}.Release|iPhone.Build.0 = Release|iPhone
		{EC835E94-EB94-4B72-9FC8-0E8573417BFE}.Release|iPhoneSimulator.ActiveCfg = Release|iPhoneSimulator
		{EC835E94-EB94-4B72-9FC8-0E8573417BFE}.Release|iPhoneSimulator.Build.0 = Release|iPhoneSimulator
		{5B8D5054-8751-4EC9-9B88-23AE60534294}.Ad-Hoc|Any CPU.ActiveCfg = Debug|Any CPU
		{5B8D5054-8751-4EC9-9B88-23AE60534294}.Ad-Hoc|Any CPU.Build.0 = Debug|Any CPU
		{5B8D5054-8751-4EC9-9B88-23AE60534294}.Ad-Hoc|iPhone.ActiveCfg = Debug|Any CPU
		{5B8D5054-8751-4EC9-9B88-23AE60534294}.Ad-Hoc|iPhone.Build.0 = Debug|Any CPU
		{5B8D5054-8751-4EC9-9B88-23AE60534294}.Ad-Hoc|iPhoneSimulator.ActiveCfg = Debug|Any CPU
		{5B8D5054-8751-4EC9-9B88-23AE60534294}.Ad-Hoc|iPhoneSimulator.Build.0 = Debug|Any CPU
		{5B8D5054-8751-4EC9-9B88-23AE60534294}.AppStore|Any CPU.ActiveCfg = Debug|Any CPU
		{5B8D5054-8751-4EC9-9B88-23AE60534294}.AppStore|Any CPU.Build.0 = Debug|Any CPU
		{5B8D5054-8751-4EC9-9B88-23AE60534294}.AppStore|iPhone.ActiveCfg = Debug|Any CPU
		{5B8D5054-8751-4EC9-9B88-23AE60534294}.AppStore|iPhone.Build.0 = Debug|Any CPU
		{5B8D5054-8751-4EC9-9B88-23AE60534294}.AppStore|iPhoneSimulator.ActiveCfg = Debug|Any CPU
		{5B8D5054-8751-4EC9-9B88-23AE60534294}.AppStore|iPhoneSimulator.Build.0 = Debug|Any CPU
		{5B8D5054-8751-4EC9-9B88-23AE60534294}.Debug|Any CPU.ActiveCfg = Debug|Any CPU
		{5B8D5054-8751-4EC9-9B88-23AE60534294}.Debug|Any CPU.Build.0 = Debug|Any CPU
		{5B8D5054-8751-4EC9-9B88-23AE60534294}.Debug|iPhone.ActiveCfg = Debug|Any CPU
		{5B8D5054-8751-4EC9-9B88-23AE60534294}.Debug|iPhone.Build.0 = Debug|Any CPU
		{5B8D5054-8751-4EC9-9B88-23AE60534294}.Debug|iPhoneSimulator.ActiveCfg = Debug|Any CPU
		{5B8D5054-8751-4EC9-9B88-23AE60534294}.Debug|iPhoneSimulator.Build.0 = Debug|Any CPU
		{5B8D5054-8751-4EC9-9B88-23AE60534294}.Release|Any CPU.ActiveCfg = Release|Any CPU
		{5B8D5054-8751-4EC9-9B88-23AE60534294}.Release|Any CPU.Build.0 = Release|Any CPU
		{5B8D5054-8751-4EC9-9B88-23AE60534294}.Release|iPhone.ActiveCfg = Release|Any CPU
		{5B8D5054-8751-4EC9-9B88-23AE60534294}.Release|iPhone.Build.0 = Release|Any CPU
		{5B8D5054-8751-4EC9-9B88-23AE60534294}.Release|iPhoneSimulator.ActiveCfg = Release|Any CPU
		{5B8D5054-8751-4EC9-9B88-23AE60534294}.Release|iPhoneSimulator.Build.0 = Release|Any CPU
		{C8C3D20A-F4F6-47FB-8E56-ADA8107731B9}.Ad-Hoc|Any CPU.ActiveCfg = Debug|Any CPU
		{C8C3D20A-F4F6-47FB-8E56-ADA8107731B9}.Ad-Hoc|Any CPU.Build.0 = Debug|Any CPU
		{C8C3D20A-F4F6-47FB-8E56-ADA8107731B9}.Ad-Hoc|iPhone.ActiveCfg = Debug|Any CPU
		{C8C3D20A-F4F6-47FB-8E56-ADA8107731B9}.Ad-Hoc|iPhone.Build.0 = Debug|Any CPU
		{C8C3D20A-F4F6-47FB-8E56-ADA8107731B9}.Ad-Hoc|iPhoneSimulator.ActiveCfg = Debug|Any CPU
		{C8C3D20A-F4F6-47FB-8E56-ADA8107731B9}.Ad-Hoc|iPhoneSimulator.Build.0 = Debug|Any CPU
		{C8C3D20A-F4F6-47FB-8E56-ADA8107731B9}.AppStore|Any CPU.ActiveCfg = Debug|Any CPU
		{C8C3D20A-F4F6-47FB-8E56-ADA8107731B9}.AppStore|Any CPU.Build.0 = Debug|Any CPU
		{C8C3D20A-F4F6-47FB-8E56-ADA8107731B9}.AppStore|iPhone.ActiveCfg = Debug|Any CPU
		{C8C3D20A-F4F6-47FB-8E56-ADA8107731B9}.AppStore|iPhone.Build.0 = Debug|Any CPU
		{C8C3D20A-F4F6-47FB-8E56-ADA8107731B9}.AppStore|iPhoneSimulator.ActiveCfg = Debug|Any CPU
		{C8C3D20A-F4F6-47FB-8E56-ADA8107731B9}.AppStore|iPhoneSimulator.Build.0 = Debug|Any CPU
		{C8C3D20A-F4F6-47FB-8E56-ADA8107731B9}.Debug|Any CPU.ActiveCfg = Debug|Any CPU
		{C8C3D20A-F4F6-47FB-8E56-ADA8107731B9}.Debug|Any CPU.Build.0 = Debug|Any CPU
		{C8C3D20A-F4F6-47FB-8E56-ADA8107731B9}.Debug|iPhone.ActiveCfg = Debug|Any CPU
		{C8C3D20A-F4F6-47FB-8E56-ADA8107731B9}.Debug|iPhone.Build.0 = Debug|Any CPU
		{C8C3D20A-F4F6-47FB-8E56-ADA8107731B9}.Debug|iPhoneSimulator.ActiveCfg = Debug|Any CPU
		{C8C3D20A-F4F6-47FB-8E56-ADA8107731B9}.Debug|iPhoneSimulator.Build.0 = Debug|Any CPU
		{C8C3D20A-F4F6-47FB-8E56-ADA8107731B9}.Release|Any CPU.ActiveCfg = Release|Any CPU
		{C8C3D20A-F4F6-47FB-8E56-ADA8107731B9}.Release|Any CPU.Build.0 = Release|Any CPU
		{C8C3D20A-F4F6-47FB-8E56-ADA8107731B9}.Release|iPhone.ActiveCfg = Release|Any CPU
		{C8C3D20A-F4F6-47FB-8E56-ADA8107731B9}.Release|iPhone.Build.0 = Release|Any CPU
		{C8C3D20A-F4F6-47FB-8E56-ADA8107731B9}.Release|iPhoneSimulator.ActiveCfg = Release|Any CPU
		{C8C3D20A-F4F6-47FB-8E56-ADA8107731B9}.Release|iPhoneSimulator.Build.0 = Release|Any CPU
		{8C8A28DE-1C9A-436C-8986-4DA8189DB6A8}.Ad-Hoc|Any CPU.ActiveCfg = Debug|Any CPU
		{8C8A28DE-1C9A-436C-8986-4DA8189DB6A8}.Ad-Hoc|Any CPU.Build.0 = Debug|Any CPU
		{8C8A28DE-1C9A-436C-8986-4DA8189DB6A8}.Ad-Hoc|iPhone.ActiveCfg = Debug|Any CPU
		{8C8A28DE-1C9A-436C-8986-4DA8189DB6A8}.Ad-Hoc|iPhone.Build.0 = Debug|Any CPU
		{8C8A28DE-1C9A-436C-8986-4DA8189DB6A8}.Ad-Hoc|iPhoneSimulator.ActiveCfg = Debug|Any CPU
		{8C8A28DE-1C9A-436C-8986-4DA8189DB6A8}.Ad-Hoc|iPhoneSimulator.Build.0 = Debug|Any CPU
		{8C8A28DE-1C9A-436C-8986-4DA8189DB6A8}.AppStore|Any CPU.ActiveCfg = Debug|Any CPU
		{8C8A28DE-1C9A-436C-8986-4DA8189DB6A8}.AppStore|Any CPU.Build.0 = Debug|Any CPU
		{8C8A28DE-1C9A-436C-8986-4DA8189DB6A8}.AppStore|iPhone.ActiveCfg = Debug|Any CPU
		{8C8A28DE-1C9A-436C-8986-4DA8189DB6A8}.AppStore|iPhone.Build.0 = Debug|Any CPU
		{8C8A28DE-1C9A-436C-8986-4DA8189DB6A8}.AppStore|iPhoneSimulator.ActiveCfg = Debug|Any CPU
		{8C8A28DE-1C9A-436C-8986-4DA8189DB6A8}.AppStore|iPhoneSimulator.Build.0 = Debug|Any CPU
		{8C8A28DE-1C9A-436C-8986-4DA8189DB6A8}.Debug|Any CPU.ActiveCfg = Debug|Any CPU
		{8C8A28DE-1C9A-436C-8986-4DA8189DB6A8}.Debug|Any CPU.Build.0 = Debug|Any CPU
		{8C8A28DE-1C9A-436C-8986-4DA8189DB6A8}.Debug|iPhone.ActiveCfg = Debug|Any CPU
		{8C8A28DE-1C9A-436C-8986-4DA8189DB6A8}.Debug|iPhone.Build.0 = Debug|Any CPU
		{8C8A28DE-1C9A-436C-8986-4DA8189DB6A8}.Debug|iPhoneSimulator.ActiveCfg = Debug|Any CPU
		{8C8A28DE-1C9A-436C-8986-4DA8189DB6A8}.Debug|iPhoneSimulator.Build.0 = Debug|Any CPU
		{8C8A28DE-1C9A-436C-8986-4DA8189DB6A8}.Release|Any CPU.ActiveCfg = Release|Any CPU
		{8C8A28DE-1C9A-436C-8986-4DA8189DB6A8}.Release|Any CPU.Build.0 = Release|Any CPU
		{8C8A28DE-1C9A-436C-8986-4DA8189DB6A8}.Release|iPhone.ActiveCfg = Release|Any CPU
		{8C8A28DE-1C9A-436C-8986-4DA8189DB6A8}.Release|iPhone.Build.0 = Release|Any CPU
		{8C8A28DE-1C9A-436C-8986-4DA8189DB6A8}.Release|iPhoneSimulator.ActiveCfg = Release|Any CPU
		{8C8A28DE-1C9A-436C-8986-4DA8189DB6A8}.Release|iPhoneSimulator.Build.0 = Release|Any CPU
		{956A7D17-03CD-47D0-9A65-FB26C5992F78}.Ad-Hoc|Any CPU.ActiveCfg = Debug|Any CPU
		{956A7D17-03CD-47D0-9A65-FB26C5992F78}.Ad-Hoc|Any CPU.Build.0 = Debug|Any CPU
		{956A7D17-03CD-47D0-9A65-FB26C5992F78}.Ad-Hoc|iPhone.ActiveCfg = Debug|Any CPU
		{956A7D17-03CD-47D0-9A65-FB26C5992F78}.Ad-Hoc|iPhone.Build.0 = Debug|Any CPU
		{956A7D17-03CD-47D0-9A65-FB26C5992F78}.Ad-Hoc|iPhoneSimulator.ActiveCfg = Debug|Any CPU
		{956A7D17-03CD-47D0-9A65-FB26C5992F78}.Ad-Hoc|iPhoneSimulator.Build.0 = Debug|Any CPU
		{956A7D17-03CD-47D0-9A65-FB26C5992F78}.AppStore|Any CPU.ActiveCfg = Debug|Any CPU
		{956A7D17-03CD-47D0-9A65-FB26C5992F78}.AppStore|Any CPU.Build.0 = Debug|Any CPU
		{956A7D17-03CD-47D0-9A65-FB26C5992F78}.AppStore|iPhone.ActiveCfg = Debug|Any CPU
		{956A7D17-03CD-47D0-9A65-FB26C5992F78}.AppStore|iPhone.Build.0 = Debug|Any CPU
		{956A7D17-03CD-47D0-9A65-FB26C5992F78}.AppStore|iPhoneSimulator.ActiveCfg = Debug|Any CPU
		{956A7D17-03CD-47D0-9A65-FB26C5992F78}.AppStore|iPhoneSimulator.Build.0 = Debug|Any CPU
		{956A7D17-03CD-47D0-9A65-FB26C5992F78}.Debug|Any CPU.ActiveCfg = Debug|Any CPU
		{956A7D17-03CD-47D0-9A65-FB26C5992F78}.Debug|Any CPU.Build.0 = Debug|Any CPU
		{956A7D17-03CD-47D0-9A65-FB26C5992F78}.Debug|iPhone.ActiveCfg = Debug|Any CPU
		{956A7D17-03CD-47D0-9A65-FB26C5992F78}.Debug|iPhone.Build.0 = Debug|Any CPU
		{956A7D17-03CD-47D0-9A65-FB26C5992F78}.Debug|iPhoneSimulator.ActiveCfg = Debug|Any CPU
		{956A7D17-03CD-47D0-9A65-FB26C5992F78}.Debug|iPhoneSimulator.Build.0 = Debug|Any CPU
		{956A7D17-03CD-47D0-9A65-FB26C5992F78}.Release|Any CPU.ActiveCfg = Release|Any CPU
		{956A7D17-03CD-47D0-9A65-FB26C5992F78}.Release|Any CPU.Build.0 = Release|Any CPU
		{956A7D17-03CD-47D0-9A65-FB26C5992F78}.Release|iPhone.ActiveCfg = Release|Any CPU
		{956A7D17-03CD-47D0-9A65-FB26C5992F78}.Release|iPhone.Build.0 = Release|Any CPU
		{956A7D17-03CD-47D0-9A65-FB26C5992F78}.Release|iPhoneSimulator.ActiveCfg = Release|Any CPU
		{956A7D17-03CD-47D0-9A65-FB26C5992F78}.Release|iPhoneSimulator.Build.0 = Release|Any CPU
		{4364EBD1-95F8-4BDA-8F0C-98A626692225}.Ad-Hoc|Any CPU.ActiveCfg = Debug|Any CPU
		{4364EBD1-95F8-4BDA-8F0C-98A626692225}.Ad-Hoc|Any CPU.Build.0 = Debug|Any CPU
		{4364EBD1-95F8-4BDA-8F0C-98A626692225}.Ad-Hoc|iPhone.ActiveCfg = Debug|Any CPU
		{4364EBD1-95F8-4BDA-8F0C-98A626692225}.Ad-Hoc|iPhone.Build.0 = Debug|Any CPU
		{4364EBD1-95F8-4BDA-8F0C-98A626692225}.Ad-Hoc|iPhoneSimulator.ActiveCfg = Debug|Any CPU
		{4364EBD1-95F8-4BDA-8F0C-98A626692225}.Ad-Hoc|iPhoneSimulator.Build.0 = Debug|Any CPU
		{4364EBD1-95F8-4BDA-8F0C-98A626692225}.AppStore|Any CPU.ActiveCfg = Debug|Any CPU
		{4364EBD1-95F8-4BDA-8F0C-98A626692225}.AppStore|Any CPU.Build.0 = Debug|Any CPU
		{4364EBD1-95F8-4BDA-8F0C-98A626692225}.AppStore|iPhone.ActiveCfg = Debug|Any CPU
		{4364EBD1-95F8-4BDA-8F0C-98A626692225}.AppStore|iPhone.Build.0 = Debug|Any CPU
		{4364EBD1-95F8-4BDA-8F0C-98A626692225}.AppStore|iPhoneSimulator.ActiveCfg = Debug|Any CPU
		{4364EBD1-95F8-4BDA-8F0C-98A626692225}.AppStore|iPhoneSimulator.Build.0 = Debug|Any CPU
		{4364EBD1-95F8-4BDA-8F0C-98A626692225}.Debug|Any CPU.ActiveCfg = Debug|Any CPU
		{4364EBD1-95F8-4BDA-8F0C-98A626692225}.Debug|Any CPU.Build.0 = Debug|Any CPU
		{4364EBD1-95F8-4BDA-8F0C-98A626692225}.Debug|iPhone.ActiveCfg = Debug|Any CPU
		{4364EBD1-95F8-4BDA-8F0C-98A626692225}.Debug|iPhone.Build.0 = Debug|Any CPU
		{4364EBD1-95F8-4BDA-8F0C-98A626692225}.Debug|iPhoneSimulator.ActiveCfg = Debug|Any CPU
		{4364EBD1-95F8-4BDA-8F0C-98A626692225}.Debug|iPhoneSimulator.Build.0 = Debug|Any CPU
		{4364EBD1-95F8-4BDA-8F0C-98A626692225}.Release|Any CPU.ActiveCfg = Release|Any CPU
		{4364EBD1-95F8-4BDA-8F0C-98A626692225}.Release|Any CPU.Build.0 = Release|Any CPU
		{4364EBD1-95F8-4BDA-8F0C-98A626692225}.Release|iPhone.ActiveCfg = Release|Any CPU
		{4364EBD1-95F8-4BDA-8F0C-98A626692225}.Release|iPhone.Build.0 = Release|Any CPU
		{4364EBD1-95F8-4BDA-8F0C-98A626692225}.Release|iPhoneSimulator.ActiveCfg = Release|Any CPU
		{4364EBD1-95F8-4BDA-8F0C-98A626692225}.Release|iPhoneSimulator.Build.0 = Release|Any CPU
		{27427B8B-E594-44A8-BF82-20134CA81DF8}.Ad-Hoc|Any CPU.ActiveCfg = Debug|Any CPU
		{27427B8B-E594-44A8-BF82-20134CA81DF8}.Ad-Hoc|Any CPU.Build.0 = Debug|Any CPU
		{27427B8B-E594-44A8-BF82-20134CA81DF8}.Ad-Hoc|iPhone.ActiveCfg = Debug|Any CPU
		{27427B8B-E594-44A8-BF82-20134CA81DF8}.Ad-Hoc|iPhone.Build.0 = Debug|Any CPU
		{27427B8B-E594-44A8-BF82-20134CA81DF8}.Ad-Hoc|iPhoneSimulator.ActiveCfg = Debug|Any CPU
		{27427B8B-E594-44A8-BF82-20134CA81DF8}.Ad-Hoc|iPhoneSimulator.Build.0 = Debug|Any CPU
		{27427B8B-E594-44A8-BF82-20134CA81DF8}.AppStore|Any CPU.ActiveCfg = Debug|Any CPU
		{27427B8B-E594-44A8-BF82-20134CA81DF8}.AppStore|Any CPU.Build.0 = Debug|Any CPU
		{27427B8B-E594-44A8-BF82-20134CA81DF8}.AppStore|iPhone.ActiveCfg = Debug|Any CPU
		{27427B8B-E594-44A8-BF82-20134CA81DF8}.AppStore|iPhone.Build.0 = Debug|Any CPU
		{27427B8B-E594-44A8-BF82-20134CA81DF8}.AppStore|iPhoneSimulator.ActiveCfg = Debug|Any CPU
		{27427B8B-E594-44A8-BF82-20134CA81DF8}.AppStore|iPhoneSimulator.Build.0 = Debug|Any CPU
		{27427B8B-E594-44A8-BF82-20134CA81DF8}.Debug|Any CPU.ActiveCfg = Debug|Any CPU
		{27427B8B-E594-44A8-BF82-20134CA81DF8}.Debug|Any CPU.Build.0 = Debug|Any CPU
		{27427B8B-E594-44A8-BF82-20134CA81DF8}.Debug|iPhone.ActiveCfg = Debug|Any CPU
		{27427B8B-E594-44A8-BF82-20134CA81DF8}.Debug|iPhone.Build.0 = Debug|Any CPU
		{27427B8B-E594-44A8-BF82-20134CA81DF8}.Debug|iPhoneSimulator.ActiveCfg = Debug|Any CPU
		{27427B8B-E594-44A8-BF82-20134CA81DF8}.Debug|iPhoneSimulator.Build.0 = Debug|Any CPU
		{27427B8B-E594-44A8-BF82-20134CA81DF8}.Release|Any CPU.ActiveCfg = Release|Any CPU
		{27427B8B-E594-44A8-BF82-20134CA81DF8}.Release|Any CPU.Build.0 = Release|Any CPU
		{27427B8B-E594-44A8-BF82-20134CA81DF8}.Release|iPhone.ActiveCfg = Release|Any CPU
		{27427B8B-E594-44A8-BF82-20134CA81DF8}.Release|iPhone.Build.0 = Release|Any CPU
		{27427B8B-E594-44A8-BF82-20134CA81DF8}.Release|iPhoneSimulator.ActiveCfg = Release|Any CPU
		{27427B8B-E594-44A8-BF82-20134CA81DF8}.Release|iPhoneSimulator.Build.0 = Release|Any CPU
		{7FBEA87B-E56F-4EC6-B2B9-63307EFFCB3B}.Ad-Hoc|Any CPU.ActiveCfg = Debug|Any CPU
		{7FBEA87B-E56F-4EC6-B2B9-63307EFFCB3B}.Ad-Hoc|Any CPU.Build.0 = Debug|Any CPU
		{7FBEA87B-E56F-4EC6-B2B9-63307EFFCB3B}.Ad-Hoc|iPhone.ActiveCfg = Debug|Any CPU
		{7FBEA87B-E56F-4EC6-B2B9-63307EFFCB3B}.Ad-Hoc|iPhone.Build.0 = Debug|Any CPU
		{7FBEA87B-E56F-4EC6-B2B9-63307EFFCB3B}.Ad-Hoc|iPhoneSimulator.ActiveCfg = Debug|Any CPU
		{7FBEA87B-E56F-4EC6-B2B9-63307EFFCB3B}.Ad-Hoc|iPhoneSimulator.Build.0 = Debug|Any CPU
		{7FBEA87B-E56F-4EC6-B2B9-63307EFFCB3B}.AppStore|Any CPU.ActiveCfg = Debug|Any CPU
		{7FBEA87B-E56F-4EC6-B2B9-63307EFFCB3B}.AppStore|Any CPU.Build.0 = Debug|Any CPU
		{7FBEA87B-E56F-4EC6-B2B9-63307EFFCB3B}.AppStore|iPhone.ActiveCfg = Debug|Any CPU
		{7FBEA87B-E56F-4EC6-B2B9-63307EFFCB3B}.AppStore|iPhone.Build.0 = Debug|Any CPU
		{7FBEA87B-E56F-4EC6-B2B9-63307EFFCB3B}.AppStore|iPhoneSimulator.ActiveCfg = Debug|Any CPU
		{7FBEA87B-E56F-4EC6-B2B9-63307EFFCB3B}.AppStore|iPhoneSimulator.Build.0 = Debug|Any CPU
		{7FBEA87B-E56F-4EC6-B2B9-63307EFFCB3B}.Debug|Any CPU.ActiveCfg = Debug|Any CPU
		{7FBEA87B-E56F-4EC6-B2B9-63307EFFCB3B}.Debug|Any CPU.Build.0 = Debug|Any CPU
		{7FBEA87B-E56F-4EC6-B2B9-63307EFFCB3B}.Debug|iPhone.ActiveCfg = Debug|Any CPU
		{7FBEA87B-E56F-4EC6-B2B9-63307EFFCB3B}.Debug|iPhone.Build.0 = Debug|Any CPU
		{7FBEA87B-E56F-4EC6-B2B9-63307EFFCB3B}.Debug|iPhoneSimulator.ActiveCfg = Debug|Any CPU
		{7FBEA87B-E56F-4EC6-B2B9-63307EFFCB3B}.Debug|iPhoneSimulator.Build.0 = Debug|Any CPU
		{7FBEA87B-E56F-4EC6-B2B9-63307EFFCB3B}.Release|Any CPU.ActiveCfg = Release|Any CPU
		{7FBEA87B-E56F-4EC6-B2B9-63307EFFCB3B}.Release|Any CPU.Build.0 = Release|Any CPU
		{7FBEA87B-E56F-4EC6-B2B9-63307EFFCB3B}.Release|iPhone.ActiveCfg = Release|Any CPU
		{7FBEA87B-E56F-4EC6-B2B9-63307EFFCB3B}.Release|iPhone.Build.0 = Release|Any CPU
		{7FBEA87B-E56F-4EC6-B2B9-63307EFFCB3B}.Release|iPhoneSimulator.ActiveCfg = Release|Any CPU
		{7FBEA87B-E56F-4EC6-B2B9-63307EFFCB3B}.Release|iPhoneSimulator.Build.0 = Release|Any CPU
	EndGlobalSection
	GlobalSection(SolutionProperties) = preSolution
		HideSolutionNode = FALSE
	EndGlobalSection
	GlobalSection(NestedProjects) = preSolution
		{EE985526-4CA8-4343-ADC6-AA5830A43D17} = {2E05A5FA-325F-4BA0-9FDB-0AFE5C652D09}
		{89FE788B-0920-4890-9099-494EBFEAC8C1} = {2E05A5FA-325F-4BA0-9FDB-0AFE5C652D09}
		{566ED86C-1721-4EFC-A047-4EF87561FDE9} = {AD320FE5-820D-4111-9B30-529A62388DFB}
		{374D6F31-023C-481D-9050-1DDAA19F4156} = {AD320FE5-820D-4111-9B30-529A62388DFB}
		{C521C5DF-A4E1-4517-B9B1-015986EE6A5A} = {3CD93BFA-EB03-4A2A-807E-1C2A2CF3BC37}
		{157961AA-E3AC-429B-AF9B-90CBE8C1E150} = {A4D06706-2244-424C-BEB4-8189502052D1}
		{62771300-0963-493A-BF6C-6EE007AB1A28} = {A4D06706-2244-424C-BEB4-8189502052D1}
		{EC835E94-EB94-4B72-9FC8-0E8573417BFE} = {A4D06706-2244-424C-BEB4-8189502052D1}
		{A4D06706-2244-424C-BEB4-8189502052D1} = {C521C5DF-A4E1-4517-B9B1-015986EE6A5A}
		{66E890BA-83F9-438F-BEF9-0025B0A07B8E} = {C521C5DF-A4E1-4517-B9B1-015986EE6A5A}
		{5B8D5054-8751-4EC9-9B88-23AE60534294} = {566ED86C-1721-4EFC-A047-4EF87561FDE9}
		{C8C3D20A-F4F6-47FB-8E56-ADA8107731B9} = {566ED86C-1721-4EFC-A047-4EF87561FDE9}
		{8C8A28DE-1C9A-436C-8986-4DA8189DB6A8} = {9C344698-4EED-4C4B-A72D-2651B86FF353}
		{956A7D17-03CD-47D0-9A65-FB26C5992F78} = {566ED86C-1721-4EFC-A047-4EF87561FDE9}
		{4364EBD1-95F8-4BDA-8F0C-98A626692225} = {09048F88-E09D-4E00-BBBD-8F236B122911}
		{27427B8B-E594-44A8-BF82-20134CA81DF8} = {A70192C5-6B6E-4497-B204-E85728A5205F}
		{7FBEA87B-E56F-4EC6-B2B9-63307EFFCB3B} = {A70192C5-6B6E-4497-B204-E85728A5205F}
	EndGlobalSection
	GlobalSection(ExtensibilityGlobals) = postSolution
		SolutionGuid = {D48E2FF7-30C6-41A5-9B0F-9E13681C43DB}
	EndGlobalSection
EndGlobal
