
Microsoft Visual Studio Solution File, Format Version 12.00
# Visual Studio 15
VisualStudioVersion = 15.0.27703.2018
MinimumVisualStudioVersion = 10.0.40219.1
Project("{FAE04EC0-301F-11D3-BF4B-00C04F79EFBC}") = "Reminder.WebApi", "Reminder.WebApi\Reminder.WebApi.csproj", "{B82F4659-DC79-4B8A-A939-7265E6ECF5BC}"
EndProject
Project("{FAE04EC0-301F-11D3-BF4B-00C04F79EFBC}") = "Reminder.Data", "Reminder.Data\Reminder.Data.csproj", "{56E7074C-7805-474D-9668-788971D33502}"
EndProject
Project("{FAE04EC0-301F-11D3-BF4B-00C04F79EFBC}") = "Reminder.Migrations", "Reminder.Migrations\Reminder.Migrations.csproj", "{3FEBEF83-AB17-4A31-AE7D-6520A9A9F9FD}"
EndProject
Project("{2150E333-8FDC-42A3-9474-1A3956D46DE8}") = "data", "data", "{AD320FE5-820D-4111-9B30-529A62388DFB}"
EndProject
Project("{2150E333-8FDC-42A3-9474-1A3956D46DE8}") = "database", "database", "{9C344698-4EED-4C4B-A72D-2651B86FF353}"
EndProject
Project("{2150E333-8FDC-42A3-9474-1A3956D46DE8}") = "services", "services", "{2E05A5FA-325F-4BA0-9FDB-0AFE5C652D09}"
EndProject
Project("{2150E333-8FDC-42A3-9474-1A3956D46DE8}") = "src", "src", "{EE985526-4CA8-4343-ADC6-AA5830A43D17}"
EndProject
Project("{2150E333-8FDC-42A3-9474-1A3956D46DE8}") = "test", "test", "{89FE788B-0920-4890-9099-494EBFEAC8C1}"
EndProject
Project("{2150E333-8FDC-42A3-9474-1A3956D46DE8}") = "src", "src", "{1A12B65C-24EA-4522-ABE3-DB4A65382E5E}"
EndProject
Project("{2150E333-8FDC-42A3-9474-1A3956D46DE8}") = "src", "src", "{566ED86C-1721-4EFC-A047-4EF87561FDE9}"
EndProject
Project("{2150E333-8FDC-42A3-9474-1A3956D46DE8}") = "test", "test", "{374D6F31-023C-481D-9050-1DDAA19F4156}"
EndProject
Project("{2150E333-8FDC-42A3-9474-1A3956D46DE8}") = "clients", "clients", "{3CD93BFA-EB03-4A2A-807E-1C2A2CF3BC37}"
EndProject
Project("{2150E333-8FDC-42A3-9474-1A3956D46DE8}") = "mobile", "mobile", "{C521C5DF-A4E1-4517-B9B1-015986EE6A5A}"
EndProject
Project("{9A19103F-16F7-4668-BE54-9A1E7A4F7556}") = "ReminderXamarin", "ReminderXamarin\ReminderXamarin.csproj", "{157961AA-E3AC-429B-AF9B-90CBE8C1E150}"
EndProject
Project("{FAE04EC0-301F-11D3-BF4B-00C04F79EFBC}") = "ReminderXamarin.Android", "ReminderXamarin.Android\ReminderXamarin.Android.csproj", "{62771300-0963-493A-BF6C-6EE007AB1A28}"
EndProject
Project("{FAE04EC0-301F-11D3-BF4B-00C04F79EFBC}") = "ReminderXamarin.iOS", "ReminderXamarin.iOS\ReminderXamarin.iOS.csproj", "{EC835E94-EB94-4B72-9FC8-0E8573417BFE}"
EndProject
Project("{2150E333-8FDC-42A3-9474-1A3956D46DE8}") = "src", "src", "{A4D06706-2244-424C-BEB4-8189502052D1}"
EndProject
Project("{2150E333-8FDC-42A3-9474-1A3956D46DE8}") = "test", "test", "{66E890BA-83F9-438F-BEF9-0025B0A07B8E}"
EndProject
Global
	GlobalSection(SolutionConfigurationPlatforms) = preSolution
		Ad-Hoc|Any CPU = Ad-Hoc|Any CPU
		Ad-Hoc|iPhone = Ad-Hoc|iPhone
		Ad-Hoc|iPhoneSimulator = Ad-Hoc|iPhoneSimulator
		AppStore|Any CPU = AppStore|Any CPU
		AppStore|iPhone = AppStore|iPhone
		AppStore|iPhoneSimulator = AppStore|iPhoneSimulator
		Debug|Any CPU = Debug|Any CPU
		Debug|iPhone = Debug|iPhone
		Debug|iPhoneSimulator = Debug|iPhoneSimulator
		Release|Any CPU = Release|Any CPU
		Release|iPhone = Release|iPhone
		Release|iPhoneSimulator = Release|iPhoneSimulator
	EndGlobalSection
	GlobalSection(ProjectConfigurationPlatforms) = postSolution
		{B82F4659-DC79-4B8A-A939-7265E6ECF5BC}.Ad-Hoc|Any CPU.ActiveCfg = Release|Any CPU
		{B82F4659-DC79-4B8A-A939-7265E6ECF5BC}.Ad-Hoc|Any CPU.Build.0 = Release|Any CPU
		{B82F4659-DC79-4B8A-A939-7265E6ECF5BC}.Ad-Hoc|iPhone.ActiveCfg = Release|Any CPU
		{B82F4659-DC79-4B8A-A939-7265E6ECF5BC}.Ad-Hoc|iPhone.Build.0 = Release|Any CPU
		{B82F4659-DC79-4B8A-A939-7265E6ECF5BC}.Ad-Hoc|iPhoneSimulator.ActiveCfg = Release|Any CPU
		{B82F4659-DC79-4B8A-A939-7265E6ECF5BC}.Ad-Hoc|iPhoneSimulator.Build.0 = Release|Any CPU
		{B82F4659-DC79-4B8A-A939-7265E6ECF5BC}.AppStore|Any CPU.ActiveCfg = Release|Any CPU
		{B82F4659-DC79-4B8A-A939-7265E6ECF5BC}.AppStore|Any CPU.Build.0 = Release|Any CPU
		{B82F4659-DC79-4B8A-A939-7265E6ECF5BC}.AppStore|iPhone.ActiveCfg = Release|Any CPU
		{B82F4659-DC79-4B8A-A939-7265E6ECF5BC}.AppStore|iPhone.Build.0 = Release|Any CPU
		{B82F4659-DC79-4B8A-A939-7265E6ECF5BC}.AppStore|iPhoneSimulator.ActiveCfg = Release|Any CPU
		{B82F4659-DC79-4B8A-A939-7265E6ECF5BC}.AppStore|iPhoneSimulator.Build.0 = Release|Any CPU
		{B82F4659-DC79-4B8A-A939-7265E6ECF5BC}.Debug|Any CPU.ActiveCfg = Debug|Any CPU
		{B82F4659-DC79-4B8A-A939-7265E6ECF5BC}.Debug|Any CPU.Build.0 = Debug|Any CPU
		{B82F4659-DC79-4B8A-A939-7265E6ECF5BC}.Debug|iPhone.ActiveCfg = Debug|Any CPU
		{B82F4659-DC79-4B8A-A939-7265E6ECF5BC}.Debug|iPhone.Build.0 = Debug|Any CPU
		{B82F4659-DC79-4B8A-A939-7265E6ECF5BC}.Debug|iPhoneSimulator.ActiveCfg = Debug|Any CPU
		{B82F4659-DC79-4B8A-A939-7265E6ECF5BC}.Debug|iPhoneSimulator.Build.0 = Debug|Any CPU
		{B82F4659-DC79-4B8A-A939-7265E6ECF5BC}.Release|Any CPU.ActiveCfg = Release|Any CPU
		{B82F4659-DC79-4B8A-A939-7265E6ECF5BC}.Release|Any CPU.Build.0 = Release|Any CPU
		{B82F4659-DC79-4B8A-A939-7265E6ECF5BC}.Release|iPhone.ActiveCfg = Release|Any CPU
		{B82F4659-DC79-4B8A-A939-7265E6ECF5BC}.Release|iPhone.Build.0 = Release|Any CPU
		{B82F4659-DC79-4B8A-A939-7265E6ECF5BC}.Release|iPhoneSimulator.ActiveCfg = Release|Any CPU
		{B82F4659-DC79-4B8A-A939-7265E6ECF5BC}.Release|iPhoneSimulator.Build.0 = Release|Any CPU
		{56E7074C-7805-474D-9668-788971D33502}.Ad-Hoc|Any CPU.ActiveCfg = Release|Any CPU
		{56E7074C-7805-474D-9668-788971D33502}.Ad-Hoc|Any CPU.Build.0 = Release|Any CPU
		{56E7074C-7805-474D-9668-788971D33502}.Ad-Hoc|iPhone.ActiveCfg = Release|Any CPU
		{56E7074C-7805-474D-9668-788971D33502}.Ad-Hoc|iPhone.Build.0 = Release|Any CPU
		{56E7074C-7805-474D-9668-788971D33502}.Ad-Hoc|iPhoneSimulator.ActiveCfg = Release|Any CPU
		{56E7074C-7805-474D-9668-788971D33502}.Ad-Hoc|iPhoneSimulator.Build.0 = Release|Any CPU
		{56E7074C-7805-474D-9668-788971D33502}.AppStore|Any CPU.ActiveCfg = Release|Any CPU
		{56E7074C-7805-474D-9668-788971D33502}.AppStore|Any CPU.Build.0 = Release|Any CPU
		{56E7074C-7805-474D-9668-788971D33502}.AppStore|iPhone.ActiveCfg = Release|Any CPU
		{56E7074C-7805-474D-9668-788971D33502}.AppStore|iPhone.Build.0 = Release|Any CPU
		{56E7074C-7805-474D-9668-788971D33502}.AppStore|iPhoneSimulator.ActiveCfg = Release|Any CPU
		{56E7074C-7805-474D-9668-788971D33502}.AppStore|iPhoneSimulator.Build.0 = Release|Any CPU
		{56E7074C-7805-474D-9668-788971D33502}.Debug|Any CPU.ActiveCfg = Debug|Any CPU
		{56E7074C-7805-474D-9668-788971D33502}.Debug|Any CPU.Build.0 = Debug|Any CPU
		{56E7074C-7805-474D-9668-788971D33502}.Debug|iPhone.ActiveCfg = Debug|Any CPU
		{56E7074C-7805-474D-9668-788971D33502}.Debug|iPhone.Build.0 = Debug|Any CPU
		{56E7074C-7805-474D-9668-788971D33502}.Debug|iPhoneSimulator.ActiveCfg = Debug|Any CPU
		{56E7074C-7805-474D-9668-788971D33502}.Debug|iPhoneSimulator.Build.0 = Debug|Any CPU
		{56E7074C-7805-474D-9668-788971D33502}.Release|Any CPU.ActiveCfg = Release|Any CPU
		{56E7074C-7805-474D-9668-788971D33502}.Release|Any CPU.Build.0 = Release|Any CPU
		{56E7074C-7805-474D-9668-788971D33502}.Release|iPhone.ActiveCfg = Release|Any CPU
		{56E7074C-7805-474D-9668-788971D33502}.Release|iPhone.Build.0 = Release|Any CPU
		{56E7074C-7805-474D-9668-788971D33502}.Release|iPhoneSimulator.ActiveCfg = Release|Any CPU
		{56E7074C-7805-474D-9668-788971D33502}.Release|iPhoneSimulator.Build.0 = Release|Any CPU
		{3FEBEF83-AB17-4A31-AE7D-6520A9A9F9FD}.Ad-Hoc|Any CPU.ActiveCfg = Release|Any CPU
		{3FEBEF83-AB17-4A31-AE7D-6520A9A9F9FD}.Ad-Hoc|Any CPU.Build.0 = Release|Any CPU
		{3FEBEF83-AB17-4A31-AE7D-6520A9A9F9FD}.Ad-Hoc|iPhone.ActiveCfg = Release|Any CPU
		{3FEBEF83-AB17-4A31-AE7D-6520A9A9F9FD}.Ad-Hoc|iPhone.Build.0 = Release|Any CPU
		{3FEBEF83-AB17-4A31-AE7D-6520A9A9F9FD}.Ad-Hoc|iPhoneSimulator.ActiveCfg = Release|Any CPU
		{3FEBEF83-AB17-4A31-AE7D-6520A9A9F9FD}.Ad-Hoc|iPhoneSimulator.Build.0 = Release|Any CPU
		{3FEBEF83-AB17-4A31-AE7D-6520A9A9F9FD}.AppStore|Any CPU.ActiveCfg = Release|Any CPU
		{3FEBEF83-AB17-4A31-AE7D-6520A9A9F9FD}.AppStore|Any CPU.Build.0 = Release|Any CPU
		{3FEBEF83-AB17-4A31-AE7D-6520A9A9F9FD}.AppStore|iPhone.ActiveCfg = Release|Any CPU
		{3FEBEF83-AB17-4A31-AE7D-6520A9A9F9FD}.AppStore|iPhone.Build.0 = Release|Any CPU
		{3FEBEF83-AB17-4A31-AE7D-6520A9A9F9FD}.AppStore|iPhoneSimulator.ActiveCfg = Release|Any CPU
		{3FEBEF83-AB17-4A31-AE7D-6520A9A9F9FD}.AppStore|iPhoneSimulator.Build.0 = Release|Any CPU
		{3FEBEF83-AB17-4A31-AE7D-6520A9A9F9FD}.Debug|Any CPU.ActiveCfg = Debug|Any CPU
		{3FEBEF83-AB17-4A31-AE7D-6520A9A9F9FD}.Debug|Any CPU.Build.0 = Debug|Any CPU
		{3FEBEF83-AB17-4A31-AE7D-6520A9A9F9FD}.Debug|iPhone.ActiveCfg = Debug|Any CPU
		{3FEBEF83-AB17-4A31-AE7D-6520A9A9F9FD}.Debug|iPhone.Build.0 = Debug|Any CPU
		{3FEBEF83-AB17-4A31-AE7D-6520A9A9F9FD}.Debug|iPhoneSimulator.ActiveCfg = Debug|Any CPU
		{3FEBEF83-AB17-4A31-AE7D-6520A9A9F9FD}.Debug|iPhoneSimulator.Build.0 = Debug|Any CPU
		{3FEBEF83-AB17-4A31-AE7D-6520A9A9F9FD}.Release|Any CPU.ActiveCfg = Release|Any CPU
		{3FEBEF83-AB17-4A31-AE7D-6520A9A9F9FD}.Release|Any CPU.Build.0 = Release|Any CPU
		{3FEBEF83-AB17-4A31-AE7D-6520A9A9F9FD}.Release|iPhone.ActiveCfg = Release|Any CPU
		{3FEBEF83-AB17-4A31-AE7D-6520A9A9F9FD}.Release|iPhone.Build.0 = Release|Any CPU
		{3FEBEF83-AB17-4A31-AE7D-6520A9A9F9FD}.Release|iPhoneSimulator.ActiveCfg = Release|Any CPU
		{3FEBEF83-AB17-4A31-AE7D-6520A9A9F9FD}.Release|iPhoneSimulator.Build.0 = Release|Any CPU
		{157961AA-E3AC-429B-AF9B-90CBE8C1E150}.Ad-Hoc|Any CPU.ActiveCfg = Debug|Any CPU
		{157961AA-E3AC-429B-AF9B-90CBE8C1E150}.Ad-Hoc|Any CPU.Build.0 = Debug|Any CPU
		{157961AA-E3AC-429B-AF9B-90CBE8C1E150}.Ad-Hoc|iPhone.ActiveCfg = Debug|Any CPU
		{157961AA-E3AC-429B-AF9B-90CBE8C1E150}.Ad-Hoc|iPhone.Build.0 = Debug|Any CPU
		{157961AA-E3AC-429B-AF9B-90CBE8C1E150}.Ad-Hoc|iPhoneSimulator.ActiveCfg = Debug|Any CPU
		{157961AA-E3AC-429B-AF9B-90CBE8C1E150}.Ad-Hoc|iPhoneSimulator.Build.0 = Debug|Any CPU
		{157961AA-E3AC-429B-AF9B-90CBE8C1E150}.AppStore|Any CPU.ActiveCfg = Debug|Any CPU
		{157961AA-E3AC-429B-AF9B-90CBE8C1E150}.AppStore|Any CPU.Build.0 = Debug|Any CPU
		{157961AA-E3AC-429B-AF9B-90CBE8C1E150}.AppStore|iPhone.ActiveCfg = Debug|Any CPU
		{157961AA-E3AC-429B-AF9B-90CBE8C1E150}.AppStore|iPhone.Build.0 = Debug|Any CPU
		{157961AA-E3AC-429B-AF9B-90CBE8C1E150}.AppStore|iPhoneSimulator.ActiveCfg = Debug|Any CPU
		{157961AA-E3AC-429B-AF9B-90CBE8C1E150}.AppStore|iPhoneSimulator.Build.0 = Debug|Any CPU
		{157961AA-E3AC-429B-AF9B-90CBE8C1E150}.Debug|Any CPU.ActiveCfg = Debug|Any CPU
		{157961AA-E3AC-429B-AF9B-90CBE8C1E150}.Debug|Any CPU.Build.0 = Debug|Any CPU
		{157961AA-E3AC-429B-AF9B-90CBE8C1E150}.Debug|iPhone.ActiveCfg = Debug|Any CPU
		{157961AA-E3AC-429B-AF9B-90CBE8C1E150}.Debug|iPhone.Build.0 = Debug|Any CPU
		{157961AA-E3AC-429B-AF9B-90CBE8C1E150}.Debug|iPhoneSimulator.ActiveCfg = Debug|Any CPU
		{157961AA-E3AC-429B-AF9B-90CBE8C1E150}.Debug|iPhoneSimulator.Build.0 = Debug|Any CPU
		{157961AA-E3AC-429B-AF9B-90CBE8C1E150}.Release|Any CPU.ActiveCfg = Release|Any CPU
		{157961AA-E3AC-429B-AF9B-90CBE8C1E150}.Release|Any CPU.Build.0 = Release|Any CPU
		{157961AA-E3AC-429B-AF9B-90CBE8C1E150}.Release|iPhone.ActiveCfg = Release|Any CPU
		{157961AA-E3AC-429B-AF9B-90CBE8C1E150}.Release|iPhone.Build.0 = Release|Any CPU
		{157961AA-E3AC-429B-AF9B-90CBE8C1E150}.Release|iPhoneSimulator.ActiveCfg = Release|Any CPU
		{157961AA-E3AC-429B-AF9B-90CBE8C1E150}.Release|iPhoneSimulator.Build.0 = Release|Any CPU
		{62771300-0963-493A-BF6C-6EE007AB1A28}.Ad-Hoc|Any CPU.ActiveCfg = Release|Any CPU
		{62771300-0963-493A-BF6C-6EE007AB1A28}.Ad-Hoc|Any CPU.Build.0 = Release|Any CPU
		{62771300-0963-493A-BF6C-6EE007AB1A28}.Ad-Hoc|Any CPU.Deploy.0 = Release|Any CPU
		{62771300-0963-493A-BF6C-6EE007AB1A28}.Ad-Hoc|iPhone.ActiveCfg = Release|Any CPU
		{62771300-0963-493A-BF6C-6EE007AB1A28}.Ad-Hoc|iPhone.Build.0 = Release|Any CPU
		{62771300-0963-493A-BF6C-6EE007AB1A28}.Ad-Hoc|iPhone.Deploy.0 = Release|Any CPU
		{62771300-0963-493A-BF6C-6EE007AB1A28}.Ad-Hoc|iPhoneSimulator.ActiveCfg = Release|Any CPU
		{62771300-0963-493A-BF6C-6EE007AB1A28}.Ad-Hoc|iPhoneSimulator.Build.0 = Release|Any CPU
		{62771300-0963-493A-BF6C-6EE007AB1A28}.Ad-Hoc|iPhoneSimulator.Deploy.0 = Release|Any CPU
		{62771300-0963-493A-BF6C-6EE007AB1A28}.AppStore|Any CPU.ActiveCfg = Release|Any CPU
		{62771300-0963-493A-BF6C-6EE007AB1A28}.AppStore|Any CPU.Build.0 = Release|Any CPU
		{62771300-0963-493A-BF6C-6EE007AB1A28}.AppStore|Any CPU.Deploy.0 = Release|Any CPU
		{62771300-0963-493A-BF6C-6EE007AB1A28}.AppStore|iPhone.ActiveCfg = Release|Any CPU
		{62771300-0963-493A-BF6C-6EE007AB1A28}.AppStore|iPhone.Build.0 = Release|Any CPU
		{62771300-0963-493A-BF6C-6EE007AB1A28}.AppStore|iPhone.Deploy.0 = Release|Any CPU
		{62771300-0963-493A-BF6C-6EE007AB1A28}.AppStore|iPhoneSimulator.ActiveCfg = Release|Any CPU
		{62771300-0963-493A-BF6C-6EE007AB1A28}.AppStore|iPhoneSimulator.Build.0 = Release|Any CPU
		{62771300-0963-493A-BF6C-6EE007AB1A28}.AppStore|iPhoneSimulator.Deploy.0 = Release|Any CPU
		{62771300-0963-493A-BF6C-6EE007AB1A28}.Debug|Any CPU.ActiveCfg = Debug|Any CPU
		{62771300-0963-493A-BF6C-6EE007AB1A28}.Debug|Any CPU.Build.0 = Debug|Any CPU
		{62771300-0963-493A-BF6C-6EE007AB1A28}.Debug|Any CPU.Deploy.0 = Debug|Any CPU
		{62771300-0963-493A-BF6C-6EE007AB1A28}.Debug|iPhone.ActiveCfg = Debug|Any CPU
		{62771300-0963-493A-BF6C-6EE007AB1A28}.Debug|iPhone.Build.0 = Debug|Any CPU
		{62771300-0963-493A-BF6C-6EE007AB1A28}.Debug|iPhone.Deploy.0 = Debug|Any CPU
		{62771300-0963-493A-BF6C-6EE007AB1A28}.Debug|iPhoneSimulator.ActiveCfg = Debug|Any CPU
		{62771300-0963-493A-BF6C-6EE007AB1A28}.Debug|iPhoneSimulator.Build.0 = Debug|Any CPU
		{62771300-0963-493A-BF6C-6EE007AB1A28}.Debug|iPhoneSimulator.Deploy.0 = Debug|Any CPU
		{62771300-0963-493A-BF6C-6EE007AB1A28}.Release|Any CPU.ActiveCfg = Release|Any CPU
		{62771300-0963-493A-BF6C-6EE007AB1A28}.Release|Any CPU.Build.0 = Release|Any CPU
		{62771300-0963-493A-BF6C-6EE007AB1A28}.Release|Any CPU.Deploy.0 = Release|Any CPU
		{62771300-0963-493A-BF6C-6EE007AB1A28}.Release|iPhone.ActiveCfg = Release|Any CPU
		{62771300-0963-493A-BF6C-6EE007AB1A28}.Release|iPhone.Build.0 = Release|Any CPU
		{62771300-0963-493A-BF6C-6EE007AB1A28}.Release|iPhone.Deploy.0 = Release|Any CPU
		{62771300-0963-493A-BF6C-6EE007AB1A28}.Release|iPhoneSimulator.ActiveCfg = Release|Any CPU
		{62771300-0963-493A-BF6C-6EE007AB1A28}.Release|iPhoneSimulator.Build.0 = Release|Any CPU
		{62771300-0963-493A-BF6C-6EE007AB1A28}.Release|iPhoneSimulator.Deploy.0 = Release|Any CPU
		{EC835E94-EB94-4B72-9FC8-0E8573417BFE}.Ad-Hoc|Any CPU.ActiveCfg = Ad-Hoc|iPhone
		{EC835E94-EB94-4B72-9FC8-0E8573417BFE}.Ad-Hoc|iPhone.ActiveCfg = Ad-Hoc|iPhone
		{EC835E94-EB94-4B72-9FC8-0E8573417BFE}.Ad-Hoc|iPhone.Build.0 = Ad-Hoc|iPhone
		{EC835E94-EB94-4B72-9FC8-0E8573417BFE}.Ad-Hoc|iPhoneSimulator.ActiveCfg = Ad-Hoc|iPhoneSimulator
		{EC835E94-EB94-4B72-9FC8-0E8573417BFE}.Ad-Hoc|iPhoneSimulator.Build.0 = Ad-Hoc|iPhoneSimulator
		{EC835E94-EB94-4B72-9FC8-0E8573417BFE}.AppStore|Any CPU.ActiveCfg = AppStore|iPhone
		{EC835E94-EB94-4B72-9FC8-0E8573417BFE}.AppStore|iPhone.ActiveCfg = AppStore|iPhone
		{EC835E94-EB94-4B72-9FC8-0E8573417BFE}.AppStore|iPhone.Build.0 = AppStore|iPhone
		{EC835E94-EB94-4B72-9FC8-0E8573417BFE}.AppStore|iPhoneSimulator.ActiveCfg = AppStore|iPhoneSimulator
		{EC835E94-EB94-4B72-9FC8-0E8573417BFE}.AppStore|iPhoneSimulator.Build.0 = AppStore|iPhoneSimulator
		{EC835E94-EB94-4B72-9FC8-0E8573417BFE}.Debug|Any CPU.ActiveCfg = Debug|iPhone
		{EC835E94-EB94-4B72-9FC8-0E8573417BFE}.Debug|iPhone.ActiveCfg = Debug|iPhone
		{EC835E94-EB94-4B72-9FC8-0E8573417BFE}.Debug|iPhone.Build.0 = Debug|iPhone
		{EC835E94-EB94-4B72-9FC8-0E8573417BFE}.Debug|iPhoneSimulator.ActiveCfg = Debug|iPhoneSimulator
		{EC835E94-EB94-4B72-9FC8-0E8573417BFE}.Debug|iPhoneSimulator.Build.0 = Debug|iPhoneSimulator
		{EC835E94-EB94-4B72-9FC8-0E8573417BFE}.Release|Any CPU.ActiveCfg = Release|iPhone
		{EC835E94-EB94-4B72-9FC8-0E8573417BFE}.Release|iPhone.ActiveCfg = Release|iPhone
		{EC835E94-EB94-4B72-9FC8-0E8573417BFE}.Release|iPhone.Build.0 = Release|iPhone
		{EC835E94-EB94-4B72-9FC8-0E8573417BFE}.Release|iPhoneSimulator.ActiveCfg = Release|iPhoneSimulator
		{EC835E94-EB94-4B72-9FC8-0E8573417BFE}.Release|iPhoneSimulator.Build.0 = Release|iPhoneSimulator
	EndGlobalSection
	GlobalSection(SolutionProperties) = preSolution
		HideSolutionNode = FALSE
	EndGlobalSection
	GlobalSection(NestedProjects) = preSolution
		{B82F4659-DC79-4B8A-A939-7265E6ECF5BC} = {EE985526-4CA8-4343-ADC6-AA5830A43D17}
		{56E7074C-7805-474D-9668-788971D33502} = {566ED86C-1721-4EFC-A047-4EF87561FDE9}
		{3FEBEF83-AB17-4A31-AE7D-6520A9A9F9FD} = {1A12B65C-24EA-4522-ABE3-DB4A65382E5E}
		{EE985526-4CA8-4343-ADC6-AA5830A43D17} = {2E05A5FA-325F-4BA0-9FDB-0AFE5C652D09}
		{89FE788B-0920-4890-9099-494EBFEAC8C1} = {2E05A5FA-325F-4BA0-9FDB-0AFE5C652D09}
		{1A12B65C-24EA-4522-ABE3-DB4A65382E5E} = {9C344698-4EED-4C4B-A72D-2651B86FF353}
		{566ED86C-1721-4EFC-A047-4EF87561FDE9} = {AD320FE5-820D-4111-9B30-529A62388DFB}
		{374D6F31-023C-481D-9050-1DDAA19F4156} = {AD320FE5-820D-4111-9B30-529A62388DFB}
		{C521C5DF-A4E1-4517-B9B1-015986EE6A5A} = {3CD93BFA-EB03-4A2A-807E-1C2A2CF3BC37}
		{157961AA-E3AC-429B-AF9B-90CBE8C1E150} = {A4D06706-2244-424C-BEB4-8189502052D1}
		{62771300-0963-493A-BF6C-6EE007AB1A28} = {A4D06706-2244-424C-BEB4-8189502052D1}
		{EC835E94-EB94-4B72-9FC8-0E8573417BFE} = {A4D06706-2244-424C-BEB4-8189502052D1}
		{A4D06706-2244-424C-BEB4-8189502052D1} = {C521C5DF-A4E1-4517-B9B1-015986EE6A5A}
		{66E890BA-83F9-438F-BEF9-0025B0A07B8E} = {C521C5DF-A4E1-4517-B9B1-015986EE6A5A}
	EndGlobalSection
	GlobalSection(ExtensibilityGlobals) = postSolution
		SolutionGuid = {D48E2FF7-30C6-41A5-9B0F-9E13681C43DB}
	EndGlobalSection
EndGlobal
